
Microsoft Visual Studio Solution File, Format Version 12.00
# Visual Studio Version 16
VisualStudioVersion = 16.0.30717.126
MinimumVisualStudioVersion = 10.0.40219.1
Project("{FAE04EC0-301F-11D3-BF4B-00C04F79EFBC}") = "Sandbox", "Sandbox\Sandbox.csproj", "{EC525B6A-7924-4E28-8912-6E41B7A462DA}"
EndProject
Project("{F2A71F9B-5D33-465A-A702-920D77279786}") = "SandboxFSharp", "SandboxFSharp\SandboxFSharp.fsproj", "{DCBFF616-F6D8-4BE4-BEB8-0CD4B299805A}"
EndProject
Global
	GlobalSection(SolutionConfigurationPlatforms) = preSolution
		Debug|Any CPU = Debug|Any CPU
		Release|Any CPU = Release|Any CPU
	EndGlobalSection
	GlobalSection(ProjectConfigurationPlatforms) = postSolution
		{EC525B6A-7924-4E28-8912-6E41B7A462DA}.Debug|Any CPU.ActiveCfg = Debug|Any CPU
		{EC525B6A-7924-4E28-8912-6E41B7A462DA}.Debug|Any CPU.Build.0 = Debug|Any CPU
		{EC525B6A-7924-4E28-8912-6E41B7A462DA}.Release|Any CPU.ActiveCfg = Release|Any CPU
		{EC525B6A-7924-4E28-8912-6E41B7A462DA}.Release|Any CPU.Build.0 = Release|Any CPU
		{DCBFF616-F6D8-4BE4-BEB8-0CD4B299805A}.Debug|Any CPU.ActiveCfg = Debug|Any CPU
		{DCBFF616-F6D8-4BE4-BEB8-0CD4B299805A}.Debug|Any CPU.Build.0 = Debug|Any CPU
		{DCBFF616-F6D8-4BE4-BEB8-0CD4B299805A}.Release|Any CPU.ActiveCfg = Release|Any CPU
		{DCBFF616-F6D8-4BE4-BEB8-0CD4B299805A}.Release|Any CPU.Build.0 = Release|Any CPU
	EndGlobalSection
	GlobalSection(SolutionProperties) = preSolution
		HideSolutionNode = FALSE
	EndGlobalSection
	GlobalSection(ExtensibilityGlobals) = postSolution
		SolutionGuid = {FA852B64-9703-4B9F-B516-46D201CB1AA1}
	EndGlobalSection
EndGlobal
